
Microsoft Visual Studio Solution File, Format Version 12.00
# Visual Studio Version 16
VisualStudioVersion = 16.0.29503.13
MinimumVisualStudioVersion = 10.0.40219.1
Project("{FAE04EC0-301F-11D3-BF4B-00C04F79EFBC}") = "RepasoWeb", "RepasoWeb\RepasoWeb.csproj", "{56D6612E-2F55-477F-8394-0DA7244D0D98}"
EndProject
Global
	GlobalSection(SolutionConfigurationPlatforms) = preSolution
		Debug|Any CPU = Debug|Any CPU
		Release|Any CPU = Release|Any CPU
	EndGlobalSection
	GlobalSection(ProjectConfigurationPlatforms) = postSolution
		{56D6612E-2F55-477F-8394-0DA7244D0D98}.Debug|Any CPU.ActiveCfg = Debug|Any CPU
		{56D6612E-2F55-477F-8394-0DA7244D0D98}.Debug|Any CPU.Build.0 = Debug|Any CPU
		{56D6612E-2F55-477F-8394-0DA7244D0D98}.Release|Any CPU.ActiveCfg = Release|Any CPU
		{56D6612E-2F55-477F-8394-0DA7244D0D98}.Release|Any CPU.Build.0 = Release|Any CPU
	EndGlobalSection
	GlobalSection(SolutionProperties) = preSolution
		HideSolutionNode = FALSE
	EndGlobalSection
	GlobalSection(ExtensibilityGlobals) = postSolution
		SolutionGuid = {6526489F-F51C-44B7-9F58-9213DF132F22}
	EndGlobalSection
EndGlobal
